{
  "originHash" : "2c119a7e601bceb3119c626f9474102288576a4f1e2b351a79197fdfad047a7e",
  "pins" : [
    {
      "identity" : "purchases-ios-spm",
      "kind" : "remoteSourceControl",
      "location" : "https://github.com/RevenueCat/purchases-ios-spm.git",
      "state" : {
        "revision" : "0d2f1fa050acad0de99b9b0ce45d53c741c20629",
        "version" : "5.2.1"
      }
    },
    {
      "identity" : "swiftconfettiview",
      "kind" : "remoteSourceControl",
      "location" : "https://github.com/theoriginalbit/SwiftConfettiView",
      "state" : {
        "revision" : "70801fc20faf34d136da4985c2b47f4eb4725bdf",
        "version" : "0.2.0"
      }
    }
  ],
  "version" : 3
}
